
Microsoft Visual Studio Solution File, Format Version 12.00
# Visual Studio 15
VisualStudioVersion = 15.0.28307.572
MinimumVisualStudioVersion = 10.0.40219.1
Project("{FAE04EC0-301F-11D3-BF4B-00C04F79EFBC}") = "Selenium_proyecto", "Selenium_proyecto\Selenium_proyecto.csproj", "{4F0D4B2F-0A83-47B0-BD34-2F4C8B5A7124}"
EndProject
Global
	GlobalSection(SolutionConfigurationPlatforms) = preSolution
		Debug|Any CPU = Debug|Any CPU
		Release|Any CPU = Release|Any CPU
	EndGlobalSection
	GlobalSection(ProjectConfigurationPlatforms) = postSolution
		{4F0D4B2F-0A83-47B0-BD34-2F4C8B5A7124}.Debug|Any CPU.ActiveCfg = Debug|Any CPU
		{4F0D4B2F-0A83-47B0-BD34-2F4C8B5A7124}.Debug|Any CPU.Build.0 = Debug|Any CPU
		{4F0D4B2F-0A83-47B0-BD34-2F4C8B5A7124}.Release|Any CPU.ActiveCfg = Release|Any CPU
		{4F0D4B2F-0A83-47B0-BD34-2F4C8B5A7124}.Release|Any CPU.Build.0 = Release|Any CPU
	EndGlobalSection
	GlobalSection(SolutionProperties) = preSolution
		HideSolutionNode = FALSE
	EndGlobalSection
	GlobalSection(ExtensibilityGlobals) = postSolution
		SolutionGuid = {651F0019-867D-44DF-A2DB-3CBCD03A5DE0}
	EndGlobalSection
EndGlobal
